
Microsoft Visual Studio Solution File, Format Version 12.00
# Visual Studio Version 17
VisualStudioVersion = 17.6.33723.286
MinimumVisualStudioVersion = 10.0.40219.1
Project("{FAE04EC0-301F-11D3-BF4B-00C04F79EFBC}") = "Roslyakov_Library", "Roslyakov_Library\Roslyakov_Library.csproj", "{48978BAC-9841-4C6E-8759-0EE4287F9F40}"
EndProject
Project("{FAE04EC0-301F-11D3-BF4B-00C04F79EFBC}") = "Roslyakov_Project", "Roslyakov_Project\Roslyakov_Project.csproj", "{A0F4A33D-129C-4E50-BD0D-DA3E2ACE328C}"
EndProject
Global
	GlobalSection(SolutionConfigurationPlatforms) = preSolution
		Debug|Any CPU = Debug|Any CPU
		Release|Any CPU = Release|Any CPU
	EndGlobalSection
	GlobalSection(ProjectConfigurationPlatforms) = postSolution
		{48978BAC-9841-4C6E-8759-0EE4287F9F40}.Debug|Any CPU.ActiveCfg = Debug|Any CPU
		{48978BAC-9841-4C6E-8759-0EE4287F9F40}.Debug|Any CPU.Build.0 = Debug|Any CPU
		{48978BAC-9841-4C6E-8759-0EE4287F9F40}.Release|Any CPU.ActiveCfg = Release|Any CPU
		{48978BAC-9841-4C6E-8759-0EE4287F9F40}.Release|Any CPU.Build.0 = Release|Any CPU
		{A0F4A33D-129C-4E50-BD0D-DA3E2ACE328C}.Debug|Any CPU.ActiveCfg = Debug|Any CPU
		{A0F4A33D-129C-4E50-BD0D-DA3E2ACE328C}.Debug|Any CPU.Build.0 = Debug|Any CPU
		{A0F4A33D-129C-4E50-BD0D-DA3E2ACE328C}.Release|Any CPU.ActiveCfg = Release|Any CPU
		{A0F4A33D-129C-4E50-BD0D-DA3E2ACE328C}.Release|Any CPU.Build.0 = Release|Any CPU
	EndGlobalSection
	GlobalSection(SolutionProperties) = preSolution
		HideSolutionNode = FALSE
	EndGlobalSection
	GlobalSection(ExtensibilityGlobals) = postSolution
		SolutionGuid = {C455BE2D-6052-44CE-A956-47451E2EF637}
	EndGlobalSection
EndGlobal
